
Microsoft Visual Studio Solution File, Format Version 12.00
# Visual Studio Version 17
VisualStudioVersion = 17.11.35222.181
MinimumVisualStudioVersion = 10.0.40219.1
Project("{FAE04EC0-301F-11D3-BF4B-00C04F79EFBC}") = "TriggerStream", "TriggerStream.csproj", "{DE15B676-2439-44E9-8020-EA794C3D522C}"
EndProject
Global
	GlobalSection(SolutionConfigurationPlatforms) = preSolution
		Debug|Any CPU = Debug|Any CPU
		Release|Any CPU = Release|Any CPU
	EndGlobalSection
	GlobalSection(ProjectConfigurationPlatforms) = postSolution
		{DE15B676-2439-44E9-8020-EA794C3D522C}.Debug|Any CPU.ActiveCfg = Debug|Any CPU
		{DE15B676-2439-44E9-8020-EA794C3D522C}.Debug|Any CPU.Build.0 = Debug|Any CPU
		{DE15B676-2439-44E9-8020-EA794C3D522C}.Release|Any CPU.ActiveCfg = Release|Any CPU
		{DE15B676-2439-44E9-8020-EA794C3D522C}.Release|Any CPU.Build.0 = Release|Any CPU
	EndGlobalSection
	GlobalSection(SolutionProperties) = preSolution
		HideSolutionNode = FALSE
	EndGlobalSection
	GlobalSection(ExtensibilityGlobals) = postSolution
		SolutionGuid = {D4A01C15-E3B5-4630-AA3B-7937B7EA6FEA}
	EndGlobalSection
EndGlobal
